
Microsoft Visual Studio Solution File, Format Version 12.00
# Visual Studio 2013
VisualStudioVersion = 12.0.30501.0
MinimumVisualStudioVersion = 10.0.40219.1
Project("{FAE04EC0-301F-11D3-BF4B-00C04F79EFBC}") = "fanstatic.Engine", "fanstatic.Engine\fanstatic.Engine.csproj", "{A49E8085-5BD7-4445-8454-6F05E8799D08}"
EndProject
Project("{FAE04EC0-301F-11D3-BF4B-00C04F79EFBC}") = "fanstatic", "fanstatic\fanstatic.csproj", "{4ECC3A5B-E079-408B-B3BF-DEA990E59BDA}"
EndProject
Global
	GlobalSection(SolutionConfigurationPlatforms) = preSolution
		Debug|Any CPU = Debug|Any CPU
		Release|Any CPU = Release|Any CPU
	EndGlobalSection
	GlobalSection(ProjectConfigurationPlatforms) = postSolution
		{A49E8085-5BD7-4445-8454-6F05E8799D08}.Debug|Any CPU.ActiveCfg = Debug|Any CPU
		{A49E8085-5BD7-4445-8454-6F05E8799D08}.Debug|Any CPU.Build.0 = Debug|Any CPU
		{A49E8085-5BD7-4445-8454-6F05E8799D08}.Release|Any CPU.ActiveCfg = Release|Any CPU
		{A49E8085-5BD7-4445-8454-6F05E8799D08}.Release|Any CPU.Build.0 = Release|Any CPU
		{4ECC3A5B-E079-408B-B3BF-DEA990E59BDA}.Debug|Any CPU.ActiveCfg = Debug|Any CPU
		{4ECC3A5B-E079-408B-B3BF-DEA990E59BDA}.Debug|Any CPU.Build.0 = Debug|Any CPU
		{4ECC3A5B-E079-408B-B3BF-DEA990E59BDA}.Release|Any CPU.ActiveCfg = Release|Any CPU
		{4ECC3A5B-E079-408B-B3BF-DEA990E59BDA}.Release|Any CPU.Build.0 = Release|Any CPU
	EndGlobalSection
	GlobalSection(SolutionProperties) = preSolution
		HideSolutionNode = FALSE
	EndGlobalSection
EndGlobal
